
Microsoft Visual Studio Solution File, Format Version 12.00
# Visual Studio Version 17
VisualStudioVersion = 17.3.32929.385
MinimumVisualStudioVersion = 10.0.40219.1
Project("{9A19103F-16F7-4668-BE54-9A1E7A4F7556}") = "MtgCsvHelper", "MtgCsvHelper\MtgCsvHelper.csproj", "{DB8158D3-BAF0-45A1-9AB4-B0EA9970911C}"
EndProject
Project("{9A19103F-16F7-4668-BE54-9A1E7A4F7556}") = "MtgCsvHelper.Tests", "MtgCsvHelper.Tests\MtgCsvHelper.Tests.csproj", "{A7118430-CBA4-406A-9235-ED1DBABDF8FF}"
EndProject
Project("{2150E333-8FDC-42A3-9474-1A3956D46DE8}") = "Solution Items", "Solution Items", "{92B7D95C-2927-40B5-97D5-82D523496F7A}"
	ProjectSection(SolutionItems) = preProject
		.editorconfig = .editorconfig
	EndProjectSection
EndProject
Project("{9A19103F-16F7-4668-BE54-9A1E7A4F7556}") = "MtgCsvHelper.BlazorWebAssembly", "MtgCsvHelper.BlazorWebAssembly\MtgCsvHelper.BlazorWebAssembly.csproj", "{EC915FC5-1225-41E5-914F-BD92C5C0D992}"
EndProject
Project("{9A19103F-16F7-4668-BE54-9A1E7A4F7556}") = "MtgCsvHelper.Console", "MtgCsvHelper.Console\MtgCsvHelper.Console.csproj", "{5BEF42C1-06CF-4E56-B38F-EB096F7CD552}"
EndProject
Global
	GlobalSection(SolutionConfigurationPlatforms) = preSolution
		Debug|Any CPU = Debug|Any CPU
		Release|Any CPU = Release|Any CPU
	EndGlobalSection
	GlobalSection(ProjectConfigurationPlatforms) = postSolution
		{DB8158D3-BAF0-45A1-9AB4-B0EA9970911C}.Debug|Any CPU.ActiveCfg = Debug|Any CPU
		{DB8158D3-BAF0-45A1-9AB4-B0EA9970911C}.Debug|Any CPU.Build.0 = Debug|Any CPU
		{DB8158D3-BAF0-45A1-9AB4-B0EA9970911C}.Release|Any CPU.ActiveCfg = Release|Any CPU
		{DB8158D3-BAF0-45A1-9AB4-B0EA9970911C}.Release|Any CPU.Build.0 = Release|Any CPU
		{A7118430-CBA4-406A-9235-ED1DBABDF8FF}.Debug|Any CPU.ActiveCfg = Debug|Any CPU
		{A7118430-CBA4-406A-9235-ED1DBABDF8FF}.Debug|Any CPU.Build.0 = Debug|Any CPU
		{A7118430-CBA4-406A-9235-ED1DBABDF8FF}.Release|Any CPU.ActiveCfg = Release|Any CPU
		{A7118430-CBA4-406A-9235-ED1DBABDF8FF}.Release|Any CPU.Build.0 = Release|Any CPU
		{EC915FC5-1225-41E5-914F-BD92C5C0D992}.Debug|Any CPU.ActiveCfg = Debug|Any CPU
		{EC915FC5-1225-41E5-914F-BD92C5C0D992}.Debug|Any CPU.Build.0 = Debug|Any CPU
		{EC915FC5-1225-41E5-914F-BD92C5C0D992}.Release|Any CPU.ActiveCfg = Release|Any CPU
		{EC915FC5-1225-41E5-914F-BD92C5C0D992}.Release|Any CPU.Build.0 = Release|Any CPU
		{5BEF42C1-06CF-4E56-B38F-EB096F7CD552}.Debug|Any CPU.ActiveCfg = Debug|Any CPU
		{5BEF42C1-06CF-4E56-B38F-EB096F7CD552}.Debug|Any CPU.Build.0 = Debug|Any CPU
		{5BEF42C1-06CF-4E56-B38F-EB096F7CD552}.Release|Any CPU.ActiveCfg = Release|Any CPU
		{5BEF42C1-06CF-4E56-B38F-EB096F7CD552}.Release|Any CPU.Build.0 = Release|Any CPU
	EndGlobalSection
	GlobalSection(SolutionProperties) = preSolution
		HideSolutionNode = FALSE
	EndGlobalSection
	GlobalSection(ExtensibilityGlobals) = postSolution
		SolutionGuid = {A5C33366-40A4-49D1-B29D-8D100A32C4B3}
	EndGlobalSection
EndGlobal
